{
  "name": "coin",
  "version": "1.6.1",
  "lockfileVersion": 1,
  "requires": true,
  "dependencies": {
    "circletype": {
      "version": "2.2.0",
      "resolved": "https://registry.npmjs.org/circletype/-/circletype-2.2.0.tgz",
      "integrity": "sha1-d0Nz2+UBZVyPvK9Jmb56bWM66Bg="
    }
  }
}
